
Microsoft Visual Studio Solution File, Format Version 12.00
# Visual Studio Version 17
VisualStudioVersion = 17.5.33627.172
MinimumVisualStudioVersion = 10.0.40219.1
Project("{9A19103F-16F7-4668-BE54-9A1E7A4F7556}") = "TestApi", "TestApi.csproj", "{1AAFCB63-1E4E-44D2-814D-CA9E45F42484}"
EndProject
Global
	GlobalSection(SolutionConfigurationPlatforms) = preSolution
		Debug|Any CPU = Debug|Any CPU
		Release|Any CPU = Release|Any CPU
	EndGlobalSection
	GlobalSection(ProjectConfigurationPlatforms) = postSolution
		{1AAFCB63-1E4E-44D2-814D-CA9E45F42484}.Debug|Any CPU.ActiveCfg = Debug|Any CPU
		{1AAFCB63-1E4E-44D2-814D-CA9E45F42484}.Debug|Any CPU.Build.0 = Debug|Any CPU
		{1AAFCB63-1E4E-44D2-814D-CA9E45F42484}.Release|Any CPU.ActiveCfg = Release|Any CPU
		{1AAFCB63-1E4E-44D2-814D-CA9E45F42484}.Release|Any CPU.Build.0 = Release|Any CPU
	EndGlobalSection
	GlobalSection(SolutionProperties) = preSolution
		HideSolutionNode = FALSE
	EndGlobalSection
	GlobalSection(ExtensibilityGlobals) = postSolution
		SolutionGuid = {F1E9812F-3CE0-484F-A3EB-EA7C3C1F8AEC}
	EndGlobalSection
EndGlobal
